{
  "name": "@forge-pro/desktop",
  "version": "0.1.0",
  "lockfileVersion": 3,
  "requires": true,
  "packages": {
    "": {
      "name": "@forge-pro/desktop",
      "version": "0.1.0",
      "devDependencies": {
        "electron": "^37.2.0",
        "electron-builder": "^26.0.12"
      }
    },
    "../../node_modules/.pnpm/electron-builder@26.15.3_el_8b6aa1003ab676ce0b42936e2a9302c1/node_modules/electron-builder": {
      "version": "26.15.3",
      "dev": true,
      "license": "MIT",
      "dependencies": {
        "app-builder-lib": "26.15.3",
        "builder-util": "26.15.3",
        "builder-util-runtime": "9.7.0",
        "chalk": "^4.1.2",
        "ci-info": "^4.2.0",
        "dmg-builder": "26.15.3",
        "fs-extra": "^10.1.0",
        "lazy-val": "^1.0.5",
        "simple-update-notifier": "2.0.0",
        "yargs": "^17.6.2"
      },
      "bin": {
        "electron-builder": "cli.js",
        "install-app-deps": "install-app-deps.js"
      },
      "devDependencies": {
        "@types/fs-extra": "9.0.13",
        "@types/yargs": "^17.0.16"
      },
      "engines": {
        "node": ">=14.0.0"
      }
    },
    "../../node_modules/.pnpm/electron@37.10.3_supports-color@8.1.1/node_modules/electron": {
      "version": "37.10.3",
      "dev": true,
      "hasInstallScript": true,
      "license": "MIT",
      "dependencies": {
        "@electron/get": "^2.0.0",
        "@types/node": "^22.7.7",
        "extract-zip": "^2.0.1"
      },
      "bin": {
        "electron": "cli.js"
      },
      "engines": {
        "node": ">= 12.20.55"
      }
    },
    "node_modules/electron": {
      "resolved": "../../node_modules/.pnpm/electron@37.10.3_supports-color@8.1.1/node_modules/electron",
      "link": true
    },
    "node_modules/electron-builder": {
      "resolved": "../../node_modules/.pnpm/electron-builder@26.15.3_el_8b6aa1003ab676ce0b42936e2a9302c1/node_modules/electron-builder",
      "link": true
    }
  }
}
